
Microsoft Visual Studio Solution File, Format Version 12.00
# Visual Studio Version 16
VisualStudioVersion = 16.0.29001.49
MinimumVisualStudioVersion = 10.0.40219.1
Project("{FAE04EC0-301F-11D3-BF4B-00C04F79EFBC}") = "Warehouse Managment", "Warehouse Managment\Warehouse Managment.csproj", "{67153989-9B03-4FE6-9742-A4B82AD6832F}"
EndProject
Global
	GlobalSection(SolutionConfigurationPlatforms) = preSolution
		Debug|Any CPU = Debug|Any CPU
		Release|Any CPU = Release|Any CPU
	EndGlobalSection
	GlobalSection(ProjectConfigurationPlatforms) = postSolution
		{67153989-9B03-4FE6-9742-A4B82AD6832F}.Debug|Any CPU.ActiveCfg = Debug|Any CPU
		{67153989-9B03-4FE6-9742-A4B82AD6832F}.Debug|Any CPU.Build.0 = Debug|Any CPU
		{67153989-9B03-4FE6-9742-A4B82AD6832F}.Release|Any CPU.ActiveCfg = Release|Any CPU
		{67153989-9B03-4FE6-9742-A4B82AD6832F}.Release|Any CPU.Build.0 = Release|Any CPU
	EndGlobalSection
	GlobalSection(SolutionProperties) = preSolution
		HideSolutionNode = FALSE
	EndGlobalSection
	GlobalSection(ExtensibilityGlobals) = postSolution
		SolutionGuid = {267FF26D-A98E-4FC5-8915-DA360DD23CC9}
	EndGlobalSection
EndGlobal
